{
  "name": "connect-four",
  "version": "1.0.0",
  "lockfileVersion": 2,
  "requires": true,
  "packages": {
    "": {
      "name": "connect-four",
      "version": "1.0.0",
      "license": "ISC",
      "devDependencies": {
        "@types/node": "^20.1.4"
      }
    },
    "node_modules/@types/node": {
      "version": "20.1.4",
      "resolved": "https://registry.npmjs.org/@types/node/-/node-20.1.4.tgz",
      "integrity": "sha512-At4pvmIOki8yuwLtd7BNHl3CiWNbtclUbNtScGx4OHfBd4/oWoJC8KRCIxXwkdndzhxOsPXihrsOoydxBjlE9Q==",
      "dev": true
    },
    "node_modules/fs": {
      "version": "0.0.1-security",
      "resolved": "https://registry.npmjs.org/fs/-/fs-0.0.1-security.tgz",
      "integrity": "sha512-3XY9e1pP0CVEUCdj5BmfIZxRBTSDycnbqhIOGec9QYtmVH2fbLpj86CFWkrNOkt/Fvty4KZG5lTglL9j/gJ87w=="
    }
  },
  "dependencies": {
    "@types/node": {
      "version": "20.1.4",
      "resolved": "https://registry.npmjs.org/@types/node/-/node-20.1.4.tgz",
      "integrity": "sha512-At4pvmIOki8yuwLtd7BNHl3CiWNbtclUbNtScGx4OHfBd4/oWoJC8KRCIxXwkdndzhxOsPXihrsOoydxBjlE9Q==",
      "dev": true
    },
    "fs": {
      "version": "https://registry.npmjs.org/fs/-/fs-0.0.1-security.tgz",
      "integrity": "sha512-3XY9e1pP0CVEUCdj5BmfIZxRBTSDycnbqhIOGec9QYtmVH2fbLpj86CFWkrNOkt/Fvty4KZG5lTglL9j/gJ87w=="
    }
  }
}
